// !$*UTF8*$!
{
	archiveVersion = 1;
	classes = {
	};
	objectVersion = 46;
	objects = {

/* Begin PBXBuildFile section */
		3F9D4E5E14FA7E0E0015DD61 /* main.cpp in Sources */ = {isa = PBXBuildFile; fileRef = 3F9D4E5D14FA7E0E0015DD61 /* main.cpp */; };
		3F9D4E6014FA7E0E0015DD61 /* Binomial.1 in CopyFiles */ = {isa = PBXBuildFile; fileRef = 3F9D4E5F14FA7E0E0015DD61 /* Binomial.1 */; };
/* End PBXBuildFile section */

/* Begin PBXCopyFilesBuildPhase section */
		3F9D4E5714FA7E0E0015DD61 /* CopyFiles */ = {
			isa = PBXCopyFilesBuildPhase;
			buildActionMask = 2147483647;
			dstPath = /usr/share/man/man1/;
			dstSubfolderSpec = 0;
			files = (
				3F9D4E6014FA7E0E0015DD61 /* Binomial.1 in CopyFiles */,
			);
			runOnlyForDeploymentPostprocessing = 1;
		};
/* End PBXCopyFilesBuildPhase section */

/* Begin PBXFileReference section */
		3F9D4E5914FA7E0E0015DD61 /* Binomial */ = {isa = PBXFileReference; explicitFileType = "compiled.mach-o.executable"; includeInIndex = 0; path = Binomial; sourceTree = BUILT_PRODUCTS_DIR; };
		3F9D4E5D14FA7E0E0015DD61 /* main.cpp */ = {isa = PBXFileReference; lastKnownFileType = sourcecode.cpp.cpp; path = main.cpp; sourceTree = "<group>"; };
		3F9D4E5F14FA7E0E0015DD61 /* Binomial.1 */ = {isa = PBXFileReference; lastKnownFileType = text.man; path = Binomial.1; sourceTree = "<group>"; };
/* End PBXFileReference section */

/* Begin PBXFrameworksBuildPhase section */
		3F9D4E5614FA7E0E0015DD61 /* Frameworks */ = {
			isa = PBXFrameworksBuildPhase;
			buildActionMask = 2147483647;
			files = (
			);
			runOnlyForDeploymentPostprocessing = 0;
		};
/* End PBXFrameworksBuildPhase section */

/* Begin PBXGroup section */
		3F9D4E4E14FA7E0E0015DD61 = {
			isa = PBXGroup;
			children = (
				3F9D4E5C14FA7E0E0015DD61 /* Binomial */,
				3F9D4E5A14FA7E0E0015DD61 /* Products */,
			);
			sourceTree = "<group>";
		};
		3F9D4E5A14FA7E0E0015DD61 /* Products */ = {
			isa = PBXGroup;
			children = (
				3F9D4E5914FA7E0E0015DD61 /* Binomial */,
			);
			name = Products;
			sourceTree = "<group>";
		};
		3F9D4E5C14FA7E0E0015DD61 /* Binomial */ = {
			isa = PBXGroup;
			children = (
				3F9D4E5D14FA7E0E0015DD61 /* main.cpp */,
				3F9D4E5F14FA7E0E0015DD61 /* Binomial.1 */,
			);
			path = Binomial;
			sourceTree = "<group>";
		};
/* End PBXGroup section */

/* Begin PBXNativeTarget section */
		3F9D4E5814FA7E0E0015DD61 /* Binomial */ = {
			isa = PBXNativeTarget;
			buildConfigurationList = 3F9D4E6314FA7E0E0015DD61 /* Build configuration list for PBXNativeTarget "Binomial" */;
			buildPhases = (
				3F9D4E5514FA7E0E0015DD61 /* Sources */,
				3F9D4E5614FA7E0E0015DD61 /* Frameworks */,
				3F9D4E5714FA7E0E0015DD61 /* CopyFiles */,
			);
			buildRules = (
			);
			dependencies = (
			);
			name = Binomial;
			productName = Binomial;
			productReference = 3F9D4E5914FA7E0E0015DD61 /* Binomial */;
			productType = "com.apple.product-type.tool";
		};
/* End PBXNativeTarget section */

/* Begin PBXProject section */
		3F9D4E5014FA7E0E0015DD61 /* Project object */ = {
			isa = PBXProject;
			attributes = {
				ORGANIZATIONNAME = "Regis University";
			};
			buildConfigurationList = 3F9D4E5314FA7E0E0015DD61 /* Build configuration list for PBXProject "Binomial" */;
			compatibilityVersion = "Xcode 3.2";
			developmentRegion = English;
			hasScannedForEncodings = 0;
			knownRegions = (
				en,
			);
			mainGroup = 3F9D4E4E14FA7E0E0015DD61;
			productRefGroup = 3F9D4E5A14FA7E0E0015DD61 /* Products */;
			projectDirPath = "";
			projectRoot = "";
			targets = (
				3F9D4E5814FA7E0E0015DD61 /* Binomial */,
			);
		};
/* End PBXProject section */

/* Begin PBXSourcesBuildPhase section */
		3F9D4E5514FA7E0E0015DD61 /* Sources */ = {
			isa = PBXSourcesBuildPhase;
			buildActionMask = 2147483647;
			files = (
				3F9D4E5E14FA7E0E0015DD61 /* main.cpp in Sources */,
			);
			runOnlyForDeploymentPostprocessing = 0;
		};
/* End PBXSourcesBuildPhase section */

/* Begin XCBuildConfiguration section */
		3F9D4E6114FA7E0E0015DD61 /* Debug */ = {
			isa = XCBuildConfiguration;
			buildSettings = {
				ALWAYS_SEARCH_USER_PATHS = NO;
				ARCHS = "$(ARCHS_STANDARD_64_BIT)";
				COPY_PHASE_STRIP = NO;
				GCC_C_LANGUAGE_STANDARD = gnu99;
				GCC_DYNAMIC_NO_PIC = NO;
				GCC_ENABLE_OBJC_EXCEPTIONS = YES;
				GCC_OPTIMIZATION_LEVEL = 0;
				GCC_PREPROCESSOR_DEFINITIONS = (
					"DEBUG=1",
					"$(inherited)",
				);
				GCC_SYMBOLS_PRIVATE_EXTERN = NO;
				GCC_VERSION = com.apple.compilers.llvm.clang.1_0;
				GCC_WARN_64_TO_32_BIT_CONVERSION = YES;
				GCC_WARN_ABOUT_MISSING_PROTOTYPES = YES;
				GCC_WARN_ABOUT_RETURN_TYPE = YES;
				GCC_WARN_UNUSED_VARIABLE = YES;
				MACOSX_DEPLOYMENT_TARGET = 10.7;
				ONLY_ACTIVE_ARCH = YES;
				SDKROOT = macosx;
			};
			name = Debug;
		};
		3F9D4E6214FA7E0E0015DD61 /* Release */ = {
			isa = XCBuildConfiguration;
			buildSettings = {
				ALWAYS_SEARCH_USER_PATHS = NO;
				ARCHS = "$(ARCHS_STANDARD_64_BIT)";
				COPY_PHASE_STRIP = YES;
				DEBUG_INFORMATION_FORMAT = "dwarf-with-dsym";
				GCC_C_LANGUAGE_STANDARD = gnu99;
				GCC_ENABLE_OBJC_EXCEPTIONS = YES;
				GCC_VERSION = com.apple.compilers.llvm.clang.1_0;
				GCC_WARN_64_TO_32_BIT_CONVERSION = YES;
				GCC_WARN_ABOUT_MISSING_PROTOTYPES = YES;
				GCC_WARN_ABOUT_RETURN_TYPE = YES;
				GCC_WARN_UNUSED_VARIABLE = YES;
				MACOSX_DEPLOYMENT_TARGET = 10.7;
				SDKROOT = macosx;
			};
			name = Release;
		};
		3F9D4E6414FA7E0E0015DD61 /* Debug */ = {
			isa = XCBuildConfiguration;
			buildSettings = {
				PRODUCT_NAME = "$(TARGET_NAME)";
			};
			name = Debug;
		};
		3F9D4E6514FA7E0E0015DD61 /* Release */ = {
			isa = XCBuildConfiguration;
			buildSettings = {
				PRODUCT_NAME = "$(TARGET_NAME)";
			};
			name = Release;
		};
/* End XCBuildConfiguration section */

/* Begin XCConfigurationList section */
		3F9D4E5314FA7E0E0015DD61 /* Build configuration list for PBXProject "Binomial" */ = {
			isa = XCConfigurationList;
			buildConfigurations = (
				3F9D4E6114FA7E0E0015DD61 /* Debug */,
				3F9D4E6214FA7E0E0015DD61 /* Release */,
			);
			defaultConfigurationIsVisible = 0;
			defaultConfigurationName = Release;
		};
		3F9D4E6314FA7E0E0015DD61 /* Build configuration list for PBXNativeTarget "Binomial" */ = {
			isa = XCConfigurationList;
			buildConfigurations = (
				3F9D4E6414FA7E0E0015DD61 /* Debug */,
				3F9D4E6514FA7E0E0015DD61 /* Release */,
			);
			defaultConfigurationIsVisible = 0;
		};
/* End XCConfigurationList section */
	};
	rootObject = 3F9D4E5014FA7E0E0015DD61 /* Project object */;
}
